
Microsoft Visual Studio Solution File, Format Version 12.00
# Visual Studio 15
VisualStudioVersion = 15.0.28010.2050
MinimumVisualStudioVersion = 10.0.40219.1
Project("{F184B08F-C81C-45F6-A57F-5ABD9991F28F}") = "CRUDLab", "CRUDLab\CRUDLab.vbproj", "{C7D1F676-24D2-475E-B0F7-C814743B6E62}"
EndProject
Global
	GlobalSection(SolutionConfigurationPlatforms) = preSolution
		Debug|Any CPU = Debug|Any CPU
		Release|Any CPU = Release|Any CPU
	EndGlobalSection
	GlobalSection(ProjectConfigurationPlatforms) = postSolution
		{C7D1F676-24D2-475E-B0F7-C814743B6E62}.Debug|Any CPU.ActiveCfg = Debug|Any CPU
		{C7D1F676-24D2-475E-B0F7-C814743B6E62}.Debug|Any CPU.Build.0 = Debug|Any CPU
		{C7D1F676-24D2-475E-B0F7-C814743B6E62}.Release|Any CPU.ActiveCfg = Release|Any CPU
		{C7D1F676-24D2-475E-B0F7-C814743B6E62}.Release|Any CPU.Build.0 = Release|Any CPU
	EndGlobalSection
	GlobalSection(SolutionProperties) = preSolution
		HideSolutionNode = FALSE
	EndGlobalSection
	GlobalSection(ExtensibilityGlobals) = postSolution
		SolutionGuid = {4A524D19-4FF5-4E50-97AC-D35ACA25CDCB}
	EndGlobalSection
EndGlobal
